{
  "name": "@rxdi/router",
  "version": "0.7.40",
  "lockfileVersion": 1,
  "requires": true,
  "dependencies": {
    "@rxdi/core": {
      "version": "0.7.41",
      "resolved": "https://registry.npmjs.org/@rxdi/core/-/core-0.7.41.tgz",
      "integrity": "sha512-nG0CD/yaEWFN3QY/nkp6qgWYgRirOOc+13XkFWIu2nVdYk4N4TCHafDAKtGT2iDd0pzdcwaRbB/IotX+lkxg0A==",
      "dev": true,
      "requires": {
        "reflect-metadata": "0.1.13",
        "rxjs": "^6.5.3",
        "systemjs": "0.21.4"
      }
    },
    "@rxdi/lit-html": {
      "version": "0.7.42",
      "resolved": "https://registry.npmjs.org/@rxdi/lit-html/-/lit-html-0.7.42.tgz",
      "integrity": "sha512-XKoyXLp877C4+s9Qo2JSlmgrGLNGDanr9SDZlv0HrZ012LQJCjCJCH/s0Dl5OzXPyzUin97pCmZ64ntggpbSbQ==",
      "dev": true
    },
    "@vaadin/router": {
      "version": "1.2.0",
      "resolved": "https://registry.npmjs.org/@vaadin/router/-/router-1.2.0.tgz",
      "integrity": "sha512-QUL6OlwIlvMTaSIJr06zdUdCIycmKqWnVL2lATkie7ZEoHfFqVcN4FZ7do3CBEtAQy9+rS2IKTllcR7+YntNcg==",
      "requires": {
        "@vaadin/vaadin-usage-statistics": "^2.0.1",
        "path-to-regexp": "2.2.1"
      }
    },
    "@vaadin/vaadin-development-mode-detector": {
      "version": "2.0.0",
      "resolved": "https://registry.npmjs.org/@vaadin/vaadin-development-mode-detector/-/vaadin-development-mode-detector-2.0.0.tgz",
      "integrity": "sha512-pzSaUqn+lJbTL2ZC6NCAfhyMymMYg2p4DzeUXdyInJISwSWmgh9RlRVpAGhi6MIUOKC7kGeKPAiB4vyWsEhzDg=="
    },
    "@vaadin/vaadin-usage-statistics": {
      "version": "2.0.3",
      "resolved": "https://registry.npmjs.org/@vaadin/vaadin-usage-statistics/-/vaadin-usage-statistics-2.0.3.tgz",
      "integrity": "sha512-ZEwXQF0fO5IYoL10Sv4/KQ8dWrLuM3n5XPuzACAa+YtVtE+S4pq3Tunj2t08rJfOGFN1Mi35vLpku3jPNuY/fA==",
      "requires": {
        "@vaadin/vaadin-development-mode-detector": "^2.0.0"
      }
    },
    "path-to-regexp": {
      "version": "2.2.1",
      "resolved": "https://registry.npmjs.org/path-to-regexp/-/path-to-regexp-2.2.1.tgz",
      "integrity": "sha512-gu9bD6Ta5bwGrrU8muHzVOBFFREpp2iRkVfhBJahwJ6p6Xw20SjT0MxLnwkjOibQmGSYhiUnf2FLe7k+jcFmGQ=="
    },
    "reflect-metadata": {
      "version": "0.1.13",
      "resolved": "https://registry.npmjs.org/reflect-metadata/-/reflect-metadata-0.1.13.tgz",
      "integrity": "sha512-Ts1Y/anZELhSsjMcU605fU9RE4Oi3p5ORujwbIKXfWa+0Zxs510Qrmrce5/Jowq3cHSZSJqBjypxmHarc+vEWg==",
      "dev": true
    },
    "router-slot": {
      "version": "1.5.2",
      "resolved": "https://registry.npmjs.org/router-slot/-/router-slot-1.5.2.tgz",
      "integrity": "sha512-NUvYbjsd1CAhhc23V6+UQsUKS+ZVfPe0esRPTDKW0iV+dilfB3Tn5A1SwIkEnf7BP4flUNXKEVa21fvaGn3JVQ=="
    },
    "rxjs": {
      "version": "6.5.4",
      "resolved": "https://registry.npmjs.org/rxjs/-/rxjs-6.5.4.tgz",
      "integrity": "sha512-naMQXcgEo3csAEGvw/NydRA0fuS2nDZJiw1YUWFKU7aPPAPGZEsD4Iimit96qwCieH6y614MCLYwdkrWx7z/7Q==",
      "dev": true,
      "requires": {
        "tslib": "^1.9.0"
      }
    },
    "systemjs": {
      "version": "0.21.4",
      "resolved": "https://registry.npmjs.org/systemjs/-/systemjs-0.21.4.tgz",
      "integrity": "sha512-l1O8boHjAIY5UG74Xk4B63LK9QbFxv/FkQa//GGGWaTeQoMhTsWnFrYwPWBScSF4xQFMO/+v9QB4i633h8Oytw==",
      "dev": true
    },
    "tslib": {
      "version": "1.11.1",
      "resolved": "https://registry.npmjs.org/tslib/-/tslib-1.11.1.tgz",
      "integrity": "sha512-aZW88SY8kQbU7gpV19lN24LtXh/yD4ZZg6qieAJDDg+YBsJcSmLGK9QpnUjAKVG/xefmvJGd1WUmfpT/g6AJGA==",
      "dev": true
    }
  }
}
