{
  "name": "@rxdi/router",
  "version": "0.0.348",
  "lockfileVersion": 1,
  "requires": true,
  "dependencies": {
    "@rxdi/core": {
      "version": "0.0.344",
      "resolved": "https://registry.npmjs.org/@rxdi/core/-/core-0.0.344.tgz",
      "integrity": "sha512-TX0OtYtlgis8g+UmfwZ1vGZOPsswmjh1Ocn1xLHLTv4jQEDXRnTfJ2yFAw8gbXRE/ljFa2HGN6p8ftLkgxTRrw==",
      "dev": true,
      "requires": {
        "reflect-metadata": "0.1.12",
        "rxjs": "6.3.3",
        "systemjs": "0.21.5"
      }
    },
    "reflect-metadata": {
      "version": "0.1.12",
      "resolved": "https://registry.npmjs.org/reflect-metadata/-/reflect-metadata-0.1.12.tgz",
      "integrity": "sha512-n+IyV+nGz3+0q3/Yf1ra12KpCyi001bi4XFxSjbiWWjfqb52iTTtpGXmCCAOWWIAn9KEuFZKGqBERHmrtScZ3A==",
      "dev": true
    },
    "rxjs": {
      "version": "6.3.3",
      "resolved": "https://registry.npmjs.org/rxjs/-/rxjs-6.3.3.tgz",
      "integrity": "sha512-JTWmoY9tWCs7zvIk/CvRjhjGaOd+OVBM987mxFo+OW66cGpdKjZcpmc74ES1sB//7Kl/PAe8+wEakuhG4pcgOw==",
      "dev": true,
      "requires": {
        "tslib": "1.9.3"
      }
    },
    "systemjs": {
      "version": "0.21.5",
      "resolved": "https://registry.npmjs.org/systemjs/-/systemjs-0.21.5.tgz",
      "integrity": "sha512-GWzZhN/x7Fsae2CYkz2GF7OgOS+YDgKulcgd5L1kTogZHMKDrPx5T8zI8I0y5RoU9Dx78Z7j1XMfuFa1thD84A==",
      "dev": true
    },
    "tslib": {
      "version": "1.9.3",
      "resolved": "https://registry.npmjs.org/tslib/-/tslib-1.9.3.tgz",
      "integrity": "sha512-4krF8scpejhaOgqzBEcGM7yDIEfi0/8+8zDRZhNZZ2kjmHJ4hv3zCbQWxoJGz1iw5U0Jl0nma13xzHXcncMavQ==",
      "dev": true
    },
    "typescript": {
      "version": "3.1.6",
      "resolved": "https://registry.npmjs.org/typescript/-/typescript-3.1.6.tgz",
      "integrity": "sha512-tDMYfVtvpb96msS1lDX9MEdHrW4yOuZ4Kdc4Him9oU796XldPYF/t2+uKoX0BBa0hXXwDlqYQbXY5Rzjzc5hBA==",
      "dev": true
    }
  }
}
